
Microsoft Visual Studio Solution File, Format Version 12.00
# Visual Studio 15
VisualStudioVersion = 15.0.28307.136
MinimumVisualStudioVersion = 10.0.40219.1
Project("{FAE04EC0-301F-11D3-BF4B-00C04F79EFBC}") = "HelloWorldCoreWebAPI", "HelloWorldCoreWebAPI\HelloWorldCoreWebAPI.csproj", "{FBA2F71F-6B8E-4AC7-B769-8C2D95C7FE9A}"
EndProject
Global
	GlobalSection(SolutionConfigurationPlatforms) = preSolution
		Debug|Any CPU = Debug|Any CPU
		Release|Any CPU = Release|Any CPU
	EndGlobalSection
	GlobalSection(ProjectConfigurationPlatforms) = postSolution
		{FBA2F71F-6B8E-4AC7-B769-8C2D95C7FE9A}.Debug|Any CPU.ActiveCfg = Debug|Any CPU
		{FBA2F71F-6B8E-4AC7-B769-8C2D95C7FE9A}.Debug|Any CPU.Build.0 = Debug|Any CPU
		{FBA2F71F-6B8E-4AC7-B769-8C2D95C7FE9A}.Release|Any CPU.ActiveCfg = Release|Any CPU
		{FBA2F71F-6B8E-4AC7-B769-8C2D95C7FE9A}.Release|Any CPU.Build.0 = Release|Any CPU
	EndGlobalSection
	GlobalSection(SolutionProperties) = preSolution
		HideSolutionNode = FALSE
	EndGlobalSection
	GlobalSection(ExtensibilityGlobals) = postSolution
		SolutionGuid = {96D6AD8D-E44D-42D2-B0D9-59C22C3A8C50}
	EndGlobalSection
EndGlobal
